// !$*UTF8*$!
{
	archiveVersion = 1;
	classes = {
	};
	objectVersion = 46;
	objects = {

/* Begin PBXBuildFile section */
		4DA82855916A5A24D26D2D63 /* Pods_BinarySwipe.framework in Frameworks */ = {isa = PBXBuildFile; fileRef = FDDBE749D39CF735C24BB987 /* Pods_BinarySwipe.framework */; };
		5602F79B1CF3609200528B38 /* FBSDKCoreKit.framework in Frameworks */ = {isa = PBXBuildFile; fileRef = 5602F7991CF3609200528B38 /* FBSDKCoreKit.framework */; };
		5602F79C1CF3609200528B38 /* FBSDKLoginKit.framework in Frameworks */ = {isa = PBXBuildFile; fileRef = 5602F79A1CF3609200528B38 /* FBSDKLoginKit.framework */; };
		561061E91CF2E6C400A8E9BB /* AppDelegate.swift in Sources */ = {isa = PBXBuildFile; fileRef = 561061E81CF2E6C400A8E9BB /* AppDelegate.swift */; };
		561061EE1CF2E6C400A8E9BB /* Main.storyboard in Resources */ = {isa = PBXBuildFile; fileRef = 561061EC1CF2E6C400A8E9BB /* Main.storyboard */; };
		561061F01CF2E6C400A8E9BB /* Assets.xcassets in Resources */ = {isa = PBXBuildFile; fileRef = 561061EF1CF2E6C400A8E9BB /* Assets.xcassets */; };
		561061F31CF2E6C400A8E9BB /* LaunchScreen.storyboard in Resources */ = {isa = PBXBuildFile; fileRef = 561061F11CF2E6C400A8E9BB /* LaunchScreen.storyboard */; };
		561061FC1CF2EC8A00A8E9BB /* binaryswipe.ttf in Resources */ = {isa = PBXBuildFile; fileRef = 561061FB1CF2EC8A00A8E9BB /* binaryswipe.ttf */; };
		562F4E6D1CF2F46000B52390 /* iTunesArtwork in Resources */ = {isa = PBXBuildFile; fileRef = 562F4E6C1CF2F46000B52390 /* iTunesArtwork */; };
		562F4E6F1CF2FFEF00B52390 /* BaseViewController.swift in Sources */ = {isa = PBXBuildFile; fileRef = 562F4E6E1CF2FFEF00B52390 /* BaseViewController.swift */; };
		562F4E771CF301DF00B52390 /* SlimLogger.swift in Sources */ = {isa = PBXBuildFile; fileRef = 562F4E731CF301DF00B52390 /* SlimLogger.swift */; };
		562F4E781CF301DF00B52390 /* SlimLoggerConfig.swift in Sources */ = {isa = PBXBuildFile; fileRef = 562F4E741CF301DF00B52390 /* SlimLoggerConfig.swift */; };
		562F4E791CF301DF00B52390 /* SlimLogglyDestination.swift in Sources */ = {isa = PBXBuildFile; fileRef = 562F4E751CF301DF00B52390 /* SlimLogglyDestination.swift */; };
		562F4E7A1CF301DF00B52390 /* SlimLogglyDestinationConfig.swift in Sources */ = {isa = PBXBuildFile; fileRef = 562F4E761CF301DF00B52390 /* SlimLogglyDestinationConfig.swift */; };
		562F4E7C1CF3021900B52390 /* Logger.swift in Sources */ = {isa = PBXBuildFile; fileRef = 562F4E7B1CF3021900B52390 /* Logger.swift */; };
		562F4E7F1CF3055700B52390 /* Notifier.swift in Sources */ = {isa = PBXBuildFile; fileRef = 562F4E7E1CF3055700B52390 /* Notifier.swift */; };
		562F4E811CF305AF00B52390 /* Keyboard.swift in Sources */ = {isa = PBXBuildFile; fileRef = 562F4E801CF305AF00B52390 /* Keyboard.swift */; };
		562F4E831CF305F700B52390 /* Constants.swift in Sources */ = {isa = PBXBuildFile; fileRef = 562F4E821CF305F700B52390 /* Constants.swift */; };
		562F4E851CF307C200B52390 /* GenericCollections+Ext.swift in Sources */ = {isa = PBXBuildFile; fileRef = 562F4E841CF307C200B52390 /* GenericCollections+Ext.swift */; };
		562F4E871CF3087200B52390 /* Storyboard+Ext.swift in Sources */ = {isa = PBXBuildFile; fileRef = 562F4E861CF3087200B52390 /* Storyboard+Ext.swift */; };
		562F4E8D1CF30BED00B52390 /* Dispatch.swift in Sources */ = {isa = PBXBuildFile; fileRef = 562F4E8C1CF30BED00B52390 /* Dispatch.swift */; };
		566042BE1CF44BA100A64A4B /* User.swift in Sources */ = {isa = PBXBuildFile; fileRef = 566042BD1CF44BA000A64A4B /* User.swift */; };
		566042C01CF46B9700A64A4B /* TextField.swift in Sources */ = {isa = PBXBuildFile; fileRef = 566042BF1CF46B9700A64A4B /* TextField.swift */; };
		566042C21CF46C1A00A64A4B /* BezierPath+Ext.swift in Sources */ = {isa = PBXBuildFile; fileRef = 566042C11CF46C1A00A64A4B /* BezierPath+Ext.swift */; };
		56CAADEE1CF34566005D770B /* View+Ext.swift in Sources */ = {isa = PBXBuildFile; fileRef = 56CAADED1CF34566005D770B /* View+Ext.swift */; };
		56CAADF01CF3473C005D770B /* BaseLoginViewController.swift in Sources */ = {isa = PBXBuildFile; fileRef = 56CAADEF1CF3473C005D770B /* BaseLoginViewController.swift */; };
		56CAADF21CF349F3005D770B /* String+Ext.swift in Sources */ = {isa = PBXBuildFile; fileRef = 56CAADF11CF349F3005D770B /* String+Ext.swift */; };
		56CAADF41CF34AC6005D770B /* SegmentControl.swift in Sources */ = {isa = PBXBuildFile; fileRef = 56CAADF31CF34AC6005D770B /* SegmentControl.swift */; };
		56CAADF61CF34B2C005D770B /* Button.swift in Sources */ = {isa = PBXBuildFile; fileRef = 56CAADF51CF34B2C005D770B /* Button.swift */; };
		56CAADF81CF34EA0005D770B /* Label.swift in Sources */ = {isa = PBXBuildFile; fileRef = 56CAADF71CF34EA0005D770B /* Label.swift */; };
		56CAADFA1CF3527F005D770B /* GradientView.swift in Sources */ = {isa = PBXBuildFile; fileRef = 56CAADF91CF3527F005D770B /* GradientView.swift */; };
/* End PBXBuildFile section */

/* Begin PBXFileReference section */
		34497906C02D68867BD8DB51 /* Pods-BinarySwipe.debug.xcconfig */ = {isa = PBXFileReference; includeInIndex = 1; lastKnownFileType = text.xcconfig; name = "Pods-BinarySwipe.debug.xcconfig"; path = "Pods/Target Support Files/Pods-BinarySwipe/Pods-BinarySwipe.debug.xcconfig"; sourceTree = "<group>"; };
		5602F7991CF3609200528B38 /* FBSDKCoreKit.framework */ = {isa = PBXFileReference; lastKnownFileType = wrapper.framework; path = FBSDKCoreKit.framework; sourceTree = "<group>"; };
		5602F79A1CF3609200528B38 /* FBSDKLoginKit.framework */ = {isa = PBXFileReference; lastKnownFileType = wrapper.framework; path = FBSDKLoginKit.framework; sourceTree = "<group>"; };
		5602F79D1CF3626000528B38 /* BinarySwipe-Bridging-Header.h */ = {isa = PBXFileReference; lastKnownFileType = sourcecode.c.h; path = "BinarySwipe-Bridging-Header.h"; sourceTree = "<group>"; };
		561061E51CF2E6C400A8E9BB /* BinarySwipe.app */ = {isa = PBXFileReference; explicitFileType = wrapper.application; includeInIndex = 0; path = BinarySwipe.app; sourceTree = BUILT_PRODUCTS_DIR; };
		561061E81CF2E6C400A8E9BB /* AppDelegate.swift */ = {isa = PBXFileReference; lastKnownFileType = sourcecode.swift; path = AppDelegate.swift; sourceTree = "<group>"; };
		561061ED1CF2E6C400A8E9BB /* Base */ = {isa = PBXFileReference; lastKnownFileType = file.storyboard; name = Base; path = Base.lproj/Main.storyboard; sourceTree = "<group>"; };
		561061EF1CF2E6C400A8E9BB /* Assets.xcassets */ = {isa = PBXFileReference; lastKnownFileType = folder.assetcatalog; path = Assets.xcassets; sourceTree = "<group>"; };
		561061F21CF2E6C400A8E9BB /* Base */ = {isa = PBXFileReference; lastKnownFileType = file.storyboard; name = Base; path = Base.lproj/LaunchScreen.storyboard; sourceTree = "<group>"; };
		561061F41CF2E6C400A8E9BB /* Info.plist */ = {isa = PBXFileReference; lastKnownFileType = text.plist.xml; path = Info.plist; sourceTree = "<group>"; };
		561061FB1CF2EC8A00A8E9BB /* binaryswipe.ttf */ = {isa = PBXFileReference; lastKnownFileType = file; path = binaryswipe.ttf; sourceTree = "<group>"; };
		562F4E6C1CF2F46000B52390 /* iTunesArtwork */ = {isa = PBXFileReference; lastKnownFileType = file; path = iTunesArtwork; sourceTree = "<group>"; };
		562F4E6E1CF2FFEF00B52390 /* BaseViewController.swift */ = {isa = PBXFileReference; fileEncoding = 4; lastKnownFileType = sourcecode.swift; path = BaseViewController.swift; sourceTree = "<group>"; };
		562F4E731CF301DF00B52390 /* SlimLogger.swift */ = {isa = PBXFileReference; fileEncoding = 4; lastKnownFileType = sourcecode.swift; name = SlimLogger.swift; path = ../../Frameworks/SlimLogger/SlimLogger.swift; sourceTree = "<group>"; };
		562F4E741CF301DF00B52390 /* SlimLoggerConfig.swift */ = {isa = PBXFileReference; fileEncoding = 4; lastKnownFileType = sourcecode.swift; name = SlimLoggerConfig.swift; path = ../../Frameworks/SlimLogger/SlimLoggerConfig.swift; sourceTree = "<group>"; };
		562F4E751CF301DF00B52390 /* SlimLogglyDestination.swift */ = {isa = PBXFileReference; fileEncoding = 4; lastKnownFileType = sourcecode.swift; name = SlimLogglyDestination.swift; path = ../../Frameworks/SlimLogger/SlimLogglyDestination.swift; sourceTree = "<group>"; };
		562F4E761CF301DF00B52390 /* SlimLogglyDestinationConfig.swift */ = {isa = PBXFileReference; fileEncoding = 4; lastKnownFileType = sourcecode.swift; name = SlimLogglyDestinationConfig.swift; path = ../../Frameworks/SlimLogger/SlimLogglyDestinationConfig.swift; sourceTree = "<group>"; };
		562F4E7B1CF3021900B52390 /* Logger.swift */ = {isa = PBXFileReference; fileEncoding = 4; lastKnownFileType = sourcecode.swift; name = Logger.swift; path = Model/Logger.swift; sourceTree = "<group>"; };
		562F4E7E1CF3055700B52390 /* Notifier.swift */ = {isa = PBXFileReference; fileEncoding = 4; lastKnownFileType = sourcecode.swift; name = Notifier.swift; path = Model/Notifier.swift; sourceTree = "<group>"; };
		562F4E801CF305AF00B52390 /* Keyboard.swift */ = {isa = PBXFileReference; fileEncoding = 4; lastKnownFileType = sourcecode.swift; name = Keyboard.swift; path = Model/Keyboard.swift; sourceTree = "<group>"; };
		562F4E821CF305F700B52390 /* Constants.swift */ = {isa = PBXFileReference; fileEncoding = 4; lastKnownFileType = sourcecode.swift; path = Constants.swift; sourceTree = "<group>"; };
		562F4E841CF307C200B52390 /* GenericCollections+Ext.swift */ = {isa = PBXFileReference; fileEncoding = 4; lastKnownFileType = sourcecode.swift; name = "GenericCollections+Ext.swift"; path = "Model/GenericCollections+Ext.swift"; sourceTree = "<group>"; };
		562F4E861CF3087200B52390 /* Storyboard+Ext.swift */ = {isa = PBXFileReference; fileEncoding = 4; lastKnownFileType = sourcecode.swift; name = "Storyboard+Ext.swift"; path = "Model/Storyboard+Ext.swift"; sourceTree = "<group>"; };
		562F4E8C1CF30BED00B52390 /* Dispatch.swift */ = {isa = PBXFileReference; fileEncoding = 4; lastKnownFileType = sourcecode.swift; name = Dispatch.swift; path = Model/Dispatch.swift; sourceTree = "<group>"; };
		566042BD1CF44BA000A64A4B /* User.swift */ = {isa = PBXFileReference; fileEncoding = 4; lastKnownFileType = sourcecode.swift; name = User.swift; path = ../../../../../macostik/Project/BinarySwipe/BinarySwipe/BinarySwipe/Model/User.swift; sourceTree = "<group>"; };
		566042BF1CF46B9700A64A4B /* TextField.swift */ = {isa = PBXFileReference; fileEncoding = 4; lastKnownFileType = sourcecode.swift; name = TextField.swift; path = ../../../../../../macostik/Project/BinarySwipe/BinarySwipe/BinarySwipe/View/TextField.swift; sourceTree = "<group>"; };
		566042C11CF46C1A00A64A4B /* BezierPath+Ext.swift */ = {isa = PBXFileReference; fileEncoding = 4; lastKnownFileType = sourcecode.swift; name = "BezierPath+Ext.swift"; path = "../../../../../../macostik/Project/BinarySwipe/BinarySwipe/BinarySwipe/Model/BezierPath+Ext.swift"; sourceTree = "<group>"; };
		56CAADED1CF34566005D770B /* View+Ext.swift */ = {isa = PBXFileReference; fileEncoding = 4; lastKnownFileType = sourcecode.swift; path = "View+Ext.swift"; sourceTree = "<group>"; };
		56CAADEF1CF3473C005D770B /* BaseLoginViewController.swift */ = {isa = PBXFileReference; fileEncoding = 4; lastKnownFileType = sourcecode.swift; path = BaseLoginViewController.swift; sourceTree = "<group>"; };
		56CAADF11CF349F3005D770B /* String+Ext.swift */ = {isa = PBXFileReference; fileEncoding = 4; lastKnownFileType = sourcecode.swift; name = "String+Ext.swift"; path = "Model/String+Ext.swift"; sourceTree = "<group>"; };
		56CAADF31CF34AC6005D770B /* SegmentControl.swift */ = {isa = PBXFileReference; fileEncoding = 4; lastKnownFileType = sourcecode.swift; path = SegmentControl.swift; sourceTree = "<group>"; };
		56CAADF51CF34B2C005D770B /* Button.swift */ = {isa = PBXFileReference; fileEncoding = 4; lastKnownFileType = sourcecode.swift; path = Button.swift; sourceTree = "<group>"; };
		56CAADF71CF34EA0005D770B /* Label.swift */ = {isa = PBXFileReference; fileEncoding = 4; lastKnownFileType = sourcecode.swift; path = Label.swift; sourceTree = "<group>"; };
		56CAADF91CF3527F005D770B /* GradientView.swift */ = {isa = PBXFileReference; fileEncoding = 4; lastKnownFileType = sourcecode.swift; path = GradientView.swift; sourceTree = "<group>"; };
		F963323913B681E21F681C1B /* Pods-BinarySwipe.release.xcconfig */ = {isa = PBXFileReference; includeInIndex = 1; lastKnownFileType = text.xcconfig; name = "Pods-BinarySwipe.release.xcconfig"; path = "Pods/Target Support Files/Pods-BinarySwipe/Pods-BinarySwipe.release.xcconfig"; sourceTree = "<group>"; };
		FDDBE749D39CF735C24BB987 /* Pods_BinarySwipe.framework */ = {isa = PBXFileReference; explicitFileType = wrapper.framework; includeInIndex = 0; path = Pods_BinarySwipe.framework; sourceTree = BUILT_PRODUCTS_DIR; };
/* End PBXFileReference section */

/* Begin PBXFrameworksBuildPhase section */
		561061E21CF2E6C400A8E9BB /* Frameworks */ = {
			isa = PBXFrameworksBuildPhase;
			buildActionMask = 2147483647;
			files = (
				4DA82855916A5A24D26D2D63 /* Pods_BinarySwipe.framework in Frameworks */,
				5602F79B1CF3609200528B38 /* FBSDKCoreKit.framework in Frameworks */,
				5602F79C1CF3609200528B38 /* FBSDKLoginKit.framework in Frameworks */,
			);
			runOnlyForDeploymentPostprocessing = 0;
		};
/* End PBXFrameworksBuildPhase section */

/* Begin PBXGroup section */
		5602F7981CF3606700528B38 /* Facebook */ = {
			isa = PBXGroup;
			children = (
				5602F7991CF3609200528B38 /* FBSDKCoreKit.framework */,
				5602F79A1CF3609200528B38 /* FBSDKLoginKit.framework */,
			);
			name = Facebook;
			path = ../Frameworks/Facebook;
			sourceTree = "<group>";
		};
		561061DC1CF2E6C400A8E9BB = {
			isa = PBXGroup;
			children = (
				561061E71CF2E6C400A8E9BB /* BinarySwipe */,
				561061FA1CF2EC4800A8E9BB /* Resources */,
				562F4E711CF3019200B52390 /* Frameworks */,
				561061E61CF2E6C400A8E9BB /* Products */,
				F5DE375F1AB3C2FAA478713B /* Pods */,
			);
			sourceTree = "<group>";
		};
		561061E61CF2E6C400A8E9BB /* Products */ = {
			isa = PBXGroup;
			children = (
				561061E51CF2E6C400A8E9BB /* BinarySwipe.app */,
			);
			name = Products;
			sourceTree = "<group>";
		};
		561061E71CF2E6C400A8E9BB /* BinarySwipe */ = {
			isa = PBXGroup;
			children = (
				561061E81CF2E6C400A8E9BB /* AppDelegate.swift */,
				562F4E821CF305F700B52390 /* Constants.swift */,
				562F4E7D1CF3043800B52390 /* Model */,
				56CAADEC1CF344CD005D770B /* View */,
				562F4E701CF2FFFF00B52390 /* ViewControllers */,
				561061EC1CF2E6C400A8E9BB /* Main.storyboard */,
				561061EF1CF2E6C400A8E9BB /* Assets.xcassets */,
				561061F11CF2E6C400A8E9BB /* LaunchScreen.storyboard */,
				561061F41CF2E6C400A8E9BB /* Info.plist */,
				5602F79D1CF3626000528B38 /* BinarySwipe-Bridging-Header.h */,
			);
			path = BinarySwipe;
			sourceTree = "<group>";
		};
		561061FA1CF2EC4800A8E9BB /* Resources */ = {
			isa = PBXGroup;
			children = (
				561061FB1CF2EC8A00A8E9BB /* binaryswipe.ttf */,
				562F4E6C1CF2F46000B52390 /* iTunesArtwork */,
			);
			path = Resources;
			sourceTree = "<group>";
		};
		562F4E701CF2FFFF00B52390 /* ViewControllers */ = {
			isa = PBXGroup;
			children = (
				562F4E6E1CF2FFEF00B52390 /* BaseViewController.swift */,
				56CAADEF1CF3473C005D770B /* BaseLoginViewController.swift */,
			);
			path = ViewControllers;
			sourceTree = "<group>";
		};
		562F4E711CF3019200B52390 /* Frameworks */ = {
			isa = PBXGroup;
			children = (
				5602F7981CF3606700528B38 /* Facebook */,
				562F4E721CF301DF00B52390 /* SlimLogger */,
				FDDBE749D39CF735C24BB987 /* Pods_BinarySwipe.framework */,
			);
			name = Frameworks;
			path = BinarySwipe;
			sourceTree = "<group>";
		};
		562F4E721CF301DF00B52390 /* SlimLogger */ = {
			isa = PBXGroup;
			children = (
				562F4E731CF301DF00B52390 /* SlimLogger.swift */,
				562F4E741CF301DF00B52390 /* SlimLoggerConfig.swift */,
				562F4E751CF301DF00B52390 /* SlimLogglyDestination.swift */,
				562F4E761CF301DF00B52390 /* SlimLogglyDestinationConfig.swift */,
			);
			path = SlimLogger;
			sourceTree = "<group>";
		};
		562F4E7D1CF3043800B52390 /* Model */ = {
			isa = PBXGroup;
			children = (
				562F4E7B1CF3021900B52390 /* Logger.swift */,
				562F4E7E1CF3055700B52390 /* Notifier.swift */,
				562F4E801CF305AF00B52390 /* Keyboard.swift */,
				562F4E841CF307C200B52390 /* GenericCollections+Ext.swift */,
				562F4E861CF3087200B52390 /* Storyboard+Ext.swift */,
				562F4E8C1CF30BED00B52390 /* Dispatch.swift */,
				56CAADF11CF349F3005D770B /* String+Ext.swift */,
				566042BD1CF44BA000A64A4B /* User.swift */,
			);
			name = Model;
			sourceTree = "<group>";
		};
		56CAADEC1CF344CD005D770B /* View */ = {
			isa = PBXGroup;
			children = (
				566042BF1CF46B9700A64A4B /* TextField.swift */,
				566042C11CF46C1A00A64A4B /* BezierPath+Ext.swift */,
				56CAADED1CF34566005D770B /* View+Ext.swift */,
				56CAADF31CF34AC6005D770B /* SegmentControl.swift */,
				56CAADF51CF34B2C005D770B /* Button.swift */,
				56CAADF71CF34EA0005D770B /* Label.swift */,
				56CAADF91CF3527F005D770B /* GradientView.swift */,
			);
			path = View;
			sourceTree = "<group>";
		};
		F5DE375F1AB3C2FAA478713B /* Pods */ = {
			isa = PBXGroup;
			children = (
				34497906C02D68867BD8DB51 /* Pods-BinarySwipe.debug.xcconfig */,
				F963323913B681E21F681C1B /* Pods-BinarySwipe.release.xcconfig */,
			);
			name = Pods;
			sourceTree = "<group>";
		};
/* End PBXGroup section */

/* Begin PBXNativeTarget section */
		561061E41CF2E6C400A8E9BB /* BinarySwipe */ = {
			isa = PBXNativeTarget;
			buildConfigurationList = 561061F71CF2E6C400A8E9BB /* Build configuration list for PBXNativeTarget "BinarySwipe" */;
			buildPhases = (
				4EA072A47FA5A3EB2BEEF448 /* 📦 Check Pods Manifest.lock */,
				561061E11CF2E6C400A8E9BB /* Sources */,
				561061E21CF2E6C400A8E9BB /* Frameworks */,
				561061E31CF2E6C400A8E9BB /* Resources */,
				1330238B621F7C89EAACF2AF /* 📦 Embed Pods Frameworks */,
				0E12662F86A3990192F7B081 /* 📦 Copy Pods Resources */,
			);
			buildRules = (
			);
			dependencies = (
			);
			name = BinarySwipe;
			productName = BinarySwipe;
			productReference = 561061E51CF2E6C400A8E9BB /* BinarySwipe.app */;
			productType = "com.apple.product-type.application";
		};
/* End PBXNativeTarget section */

/* Begin PBXProject section */
		561061DD1CF2E6C400A8E9BB /* Project object */ = {
			isa = PBXProject;
			attributes = {
				LastSwiftUpdateCheck = 0730;
				LastUpgradeCheck = 0730;
				ORGANIZATIONNAME = EasternPeak;
				TargetAttributes = {
					561061E41CF2E6C400A8E9BB = {
						CreatedOnToolsVersion = 7.3;
					};
				};
			};
			buildConfigurationList = 561061E01CF2E6C400A8E9BB /* Build configuration list for PBXProject "BinarySwipe" */;
			compatibilityVersion = "Xcode 3.2";
			developmentRegion = English;
			hasScannedForEncodings = 0;
			knownRegions = (
				en,
				Base,
			);
			mainGroup = 561061DC1CF2E6C400A8E9BB;
			productRefGroup = 561061E61CF2E6C400A8E9BB /* Products */;
			projectDirPath = "";
			projectRoot = "";
			targets = (
				561061E41CF2E6C400A8E9BB /* BinarySwipe */,
			);
		};
/* End PBXProject section */

/* Begin PBXResourcesBuildPhase section */
		561061E31CF2E6C400A8E9BB /* Resources */ = {
			isa = PBXResourcesBuildPhase;
			buildActionMask = 2147483647;
			files = (
				561061FC1CF2EC8A00A8E9BB /* binaryswipe.ttf in Resources */,
				561061F31CF2E6C400A8E9BB /* LaunchScreen.storyboard in Resources */,
				561061F01CF2E6C400A8E9BB /* Assets.xcassets in Resources */,
				562F4E6D1CF2F46000B52390 /* iTunesArtwork in Resources */,
				561061EE1CF2E6C400A8E9BB /* Main.storyboard in Resources */,
			);
			runOnlyForDeploymentPostprocessing = 0;
		};
/* End PBXResourcesBuildPhase section */

/* Begin PBXShellScriptBuildPhase section */
		0E12662F86A3990192F7B081 /* 📦 Copy Pods Resources */ = {
			isa = PBXShellScriptBuildPhase;
			buildActionMask = 2147483647;
			files = (
			);
			inputPaths = (
			);
			name = "📦 Copy Pods Resources";
			outputPaths = (
			);
			runOnlyForDeploymentPostprocessing = 0;
			shellPath = /bin/sh;
			shellScript = "\"${SRCROOT}/Pods/Target Support Files/Pods-BinarySwipe/Pods-BinarySwipe-resources.sh\"\n";
			showEnvVarsInLog = 0;
		};
		1330238B621F7C89EAACF2AF /* 📦 Embed Pods Frameworks */ = {
			isa = PBXShellScriptBuildPhase;
			buildActionMask = 2147483647;
			files = (
			);
			inputPaths = (
			);
			name = "📦 Embed Pods Frameworks";
			outputPaths = (
			);
			runOnlyForDeploymentPostprocessing = 0;
			shellPath = /bin/sh;
			shellScript = "\"${SRCROOT}/Pods/Target Support Files/Pods-BinarySwipe/Pods-BinarySwipe-frameworks.sh\"\n";
			showEnvVarsInLog = 0;
		};
		4EA072A47FA5A3EB2BEEF448 /* 📦 Check Pods Manifest.lock */ = {
			isa = PBXShellScriptBuildPhase;
			buildActionMask = 2147483647;
			files = (
			);
			inputPaths = (
			);
			name = "📦 Check Pods Manifest.lock";
			outputPaths = (
			);
			runOnlyForDeploymentPostprocessing = 0;
			shellPath = /bin/sh;
			shellScript = "diff \"${PODS_ROOT}/../Podfile.lock\" \"${PODS_ROOT}/Manifest.lock\" > /dev/null\nif [[ $? != 0 ]] ; then\n    cat << EOM\nerror: The sandbox is not in sync with the Podfile.lock. Run 'pod install' or update your CocoaPods installation.\nEOM\n    exit 1\nfi\n";
			showEnvVarsInLog = 0;
		};
/* End PBXShellScriptBuildPhase section */

/* Begin PBXSourcesBuildPhase section */
		561061E11CF2E6C400A8E9BB /* Sources */ = {
			isa = PBXSourcesBuildPhase;
			buildActionMask = 2147483647;
			files = (
				56CAADEE1CF34566005D770B /* View+Ext.swift in Sources */,
				566042C01CF46B9700A64A4B /* TextField.swift in Sources */,
				562F4E7A1CF301DF00B52390 /* SlimLogglyDestinationConfig.swift in Sources */,
				56CAADFA1CF3527F005D770B /* GradientView.swift in Sources */,
				562F4E7F1CF3055700B52390 /* Notifier.swift in Sources */,
				56CAADF01CF3473C005D770B /* BaseLoginViewController.swift in Sources */,
				562F4E851CF307C200B52390 /* GenericCollections+Ext.swift in Sources */,
				562F4E771CF301DF00B52390 /* SlimLogger.swift in Sources */,
				562F4E871CF3087200B52390 /* Storyboard+Ext.swift in Sources */,
				56CAADF61CF34B2C005D770B /* Button.swift in Sources */,
				562F4E791CF301DF00B52390 /* SlimLogglyDestination.swift in Sources */,
				56CAADF81CF34EA0005D770B /* Label.swift in Sources */,
				562F4E811CF305AF00B52390 /* Keyboard.swift in Sources */,
				566042C21CF46C1A00A64A4B /* BezierPath+Ext.swift in Sources */,
				562F4E831CF305F700B52390 /* Constants.swift in Sources */,
				561061E91CF2E6C400A8E9BB /* AppDelegate.swift in Sources */,
				562F4E781CF301DF00B52390 /* SlimLoggerConfig.swift in Sources */,
				562F4E6F1CF2FFEF00B52390 /* BaseViewController.swift in Sources */,
				562F4E7C1CF3021900B52390 /* Logger.swift in Sources */,
				56CAADF21CF349F3005D770B /* String+Ext.swift in Sources */,
				56CAADF41CF34AC6005D770B /* SegmentControl.swift in Sources */,
				562F4E8D1CF30BED00B52390 /* Dispatch.swift in Sources */,
				566042BE1CF44BA100A64A4B /* User.swift in Sources */,
			);
			runOnlyForDeploymentPostprocessing = 0;
		};
/* End PBXSourcesBuildPhase section */

/* Begin PBXVariantGroup section */
		561061EC1CF2E6C400A8E9BB /* Main.storyboard */ = {
			isa = PBXVariantGroup;
			children = (
				561061ED1CF2E6C400A8E9BB /* Base */,
			);
			name = Main.storyboard;
			sourceTree = "<group>";
		};
		561061F11CF2E6C400A8E9BB /* LaunchScreen.storyboard */ = {
			isa = PBXVariantGroup;
			children = (
				561061F21CF2E6C400A8E9BB /* Base */,
			);
			name = LaunchScreen.storyboard;
			sourceTree = "<group>";
		};
/* End PBXVariantGroup section */

/* Begin XCBuildConfiguration section */
		561061F51CF2E6C400A8E9BB /* Debug */ = {
			isa = XCBuildConfiguration;
			buildSettings = {
				ALWAYS_SEARCH_USER_PATHS = NO;
				CLANG_ANALYZER_NONNULL = YES;
				CLANG_CXX_LANGUAGE_STANDARD = "gnu++0x";
				CLANG_CXX_LIBRARY = "libc++";
				CLANG_ENABLE_MODULES = YES;
				CLANG_ENABLE_OBJC_ARC = YES;
				CLANG_WARN_BOOL_CONVERSION = YES;
				CLANG_WARN_CONSTANT_CONVERSION = YES;
				CLANG_WARN_DIRECT_OBJC_ISA_USAGE = YES_ERROR;
				CLANG_WARN_EMPTY_BODY = YES;
				CLANG_WARN_ENUM_CONVERSION = YES;
				CLANG_WARN_INT_CONVERSION = YES;
				CLANG_WARN_OBJC_ROOT_CLASS = YES_ERROR;
				CLANG_WARN_UNREACHABLE_CODE = YES;
				CLANG_WARN__DUPLICATE_METHOD_MATCH = YES;
				"CODE_SIGN_IDENTITY[sdk=iphoneos*]" = "iPhone Developer";
				COPY_PHASE_STRIP = NO;
				DEBUG_INFORMATION_FORMAT = dwarf;
				ENABLE_STRICT_OBJC_MSGSEND = YES;
				ENABLE_TESTABILITY = YES;
				GCC_C_LANGUAGE_STANDARD = gnu99;
				GCC_DYNAMIC_NO_PIC = NO;
				GCC_NO_COMMON_BLOCKS = YES;
				GCC_OPTIMIZATION_LEVEL = 0;
				GCC_PREPROCESSOR_DEFINITIONS = (
					"DEBUG=1",
					"$(inherited)",
				);
				GCC_WARN_64_TO_32_BIT_CONVERSION = YES;
				GCC_WARN_ABOUT_RETURN_TYPE = YES_ERROR;
				GCC_WARN_UNDECLARED_SELECTOR = YES;
				GCC_WARN_UNINITIALIZED_AUTOS = YES_AGGRESSIVE;
				GCC_WARN_UNUSED_FUNCTION = YES;
				GCC_WARN_UNUSED_VARIABLE = YES;
				IPHONEOS_DEPLOYMENT_TARGET = 9.3;
				MTL_ENABLE_DEBUG_INFO = YES;
				ONLY_ACTIVE_ARCH = YES;
				SDKROOT = iphoneos;
				SWIFT_OPTIMIZATION_LEVEL = "-Onone";
			};
			name = Debug;
		};
		561061F61CF2E6C400A8E9BB /* Release */ = {
			isa = XCBuildConfiguration;
			buildSettings = {
				ALWAYS_SEARCH_USER_PATHS = NO;
				CLANG_ANALYZER_NONNULL = YES;
				CLANG_CXX_LANGUAGE_STANDARD = "gnu++0x";
				CLANG_CXX_LIBRARY = "libc++";
				CLANG_ENABLE_MODULES = YES;
				CLANG_ENABLE_OBJC_ARC = YES;
				CLANG_WARN_BOOL_CONVERSION = YES;
				CLANG_WARN_CONSTANT_CONVERSION = YES;
				CLANG_WARN_DIRECT_OBJC_ISA_USAGE = YES_ERROR;
				CLANG_WARN_EMPTY_BODY = YES;
				CLANG_WARN_ENUM_CONVERSION = YES;
				CLANG_WARN_INT_CONVERSION = YES;
				CLANG_WARN_OBJC_ROOT_CLASS = YES_ERROR;
				CLANG_WARN_UNREACHABLE_CODE = YES;
				CLANG_WARN__DUPLICATE_METHOD_MATCH = YES;
				"CODE_SIGN_IDENTITY[sdk=iphoneos*]" = "iPhone Developer";
				COPY_PHASE_STRIP = NO;
				DEBUG_INFORMATION_FORMAT = "dwarf-with-dsym";
				ENABLE_NS_ASSERTIONS = NO;
				ENABLE_STRICT_OBJC_MSGSEND = YES;
				GCC_C_LANGUAGE_STANDARD = gnu99;
				GCC_NO_COMMON_BLOCKS = YES;
				GCC_WARN_64_TO_32_BIT_CONVERSION = YES;
				GCC_WARN_ABOUT_RETURN_TYPE = YES_ERROR;
				GCC_WARN_UNDECLARED_SELECTOR = YES;
				GCC_WARN_UNINITIALIZED_AUTOS = YES_AGGRESSIVE;
				GCC_WARN_UNUSED_FUNCTION = YES;
				GCC_WARN_UNUSED_VARIABLE = YES;
				IPHONEOS_DEPLOYMENT_TARGET = 9.3;
				MTL_ENABLE_DEBUG_INFO = NO;
				SDKROOT = iphoneos;
				VALIDATE_PRODUCT = YES;
			};
			name = Release;
		};
		561061F81CF2E6C400A8E9BB /* Debug */ = {
			isa = XCBuildConfiguration;
			baseConfigurationReference = 34497906C02D68867BD8DB51 /* Pods-BinarySwipe.debug.xcconfig */;
			buildSettings = {
				ASSETCATALOG_COMPILER_APPICON_NAME = AppIcon;
				CLANG_ENABLE_MODULES = YES;
				FRAMEWORK_SEARCH_PATHS = (
					"$(inherited)",
					"$(PROJECT_DIR)/Frameworks/Facebook",
				);
				INFOPLIST_FILE = BinarySwipe/Info.plist;
				LD_RUNPATH_SEARCH_PATHS = "$(inherited) @executable_path/Frameworks";
				PRODUCT_BUNDLE_IDENTIFIER = binaryswipe;
				PRODUCT_NAME = "$(TARGET_NAME)";
				SWIFT_OBJC_BRIDGING_HEADER = "BinarySwipe/BinarySwipe-Bridging-Header.h";
				SWIFT_OPTIMIZATION_LEVEL = "-Onone";
			};
			name = Debug;
		};
		561061F91CF2E6C400A8E9BB /* Release */ = {
			isa = XCBuildConfiguration;
			baseConfigurationReference = F963323913B681E21F681C1B /* Pods-BinarySwipe.release.xcconfig */;
			buildSettings = {
				ASSETCATALOG_COMPILER_APPICON_NAME = AppIcon;
				CLANG_ENABLE_MODULES = YES;
				FRAMEWORK_SEARCH_PATHS = (
					"$(inherited)",
					"$(PROJECT_DIR)/Frameworks/Facebook",
				);
				INFOPLIST_FILE = BinarySwipe/Info.plist;
				LD_RUNPATH_SEARCH_PATHS = "$(inherited) @executable_path/Frameworks";
				PRODUCT_BUNDLE_IDENTIFIER = binaryswipe;
				PRODUCT_NAME = "$(TARGET_NAME)";
				SWIFT_OBJC_BRIDGING_HEADER = "BinarySwipe/BinarySwipe-Bridging-Header.h";
			};
			name = Release;
		};
/* End XCBuildConfiguration section */

/* Begin XCConfigurationList section */
		561061E01CF2E6C400A8E9BB /* Build configuration list for PBXProject "BinarySwipe" */ = {
			isa = XCConfigurationList;
			buildConfigurations = (
				561061F51CF2E6C400A8E9BB /* Debug */,
				561061F61CF2E6C400A8E9BB /* Release */,
			);
			defaultConfigurationIsVisible = 0;
			defaultConfigurationName = Release;
		};
		561061F71CF2E6C400A8E9BB /* Build configuration list for PBXNativeTarget "BinarySwipe" */ = {
			isa = XCConfigurationList;
			buildConfigurations = (
				561061F81CF2E6C400A8E9BB /* Debug */,
				561061F91CF2E6C400A8E9BB /* Release */,
			);
			defaultConfigurationIsVisible = 0;
			defaultConfigurationName = Release;
		};
/* End XCConfigurationList section */
	};
	rootObject = 561061DD1CF2E6C400A8E9BB /* Project object */;
}
